// !$*UTF8*$!
{
	archiveVersion = 1;
	classes = {
	};
	objectVersion = 46;
	objects = {

/* Begin PBXBuildFile section */
		B45BE7E5178157BB006D7EE3 /* UIKit.framework in Frameworks */ = {isa = PBXBuildFile; fileRef = B45BE7E4178157BB006D7EE3 /* UIKit.framework */; };
		B45BE7E7178157BB006D7EE3 /* Foundation.framework in Frameworks */ = {isa = PBXBuildFile; fileRef = B45BE7E6178157BB006D7EE3 /* Foundation.framework */; };
		B45BE7E9178157BB006D7EE3 /* CoreGraphics.framework in Frameworks */ = {isa = PBXBuildFile; fileRef = B45BE7E8178157BB006D7EE3 /* CoreGraphics.framework */; };
		B45BE7EF178157BB006D7EE3 /* InfoPlist.strings in Resources */ = {isa = PBXBuildFile; fileRef = B45BE7ED178157BB006D7EE3 /* InfoPlist.strings */; };
		B45BE7F1178157BB006D7EE3 /* main.m in Sources */ = {isa = PBXBuildFile; fileRef = B45BE7F0178157BB006D7EE3 /* main.m */; };
		B45BE7F5178157BB006D7EE3 /* AppDelegate.m in Sources */ = {isa = PBXBuildFile; fileRef = B45BE7F4178157BB006D7EE3 /* AppDelegate.m */; };
		B45BE7F7178157BB006D7EE3 /* Default.png in Resources */ = {isa = PBXBuildFile; fileRef = B45BE7F6178157BB006D7EE3 /* Default.png */; };
		B45BE7F9178157BB006D7EE3 /* Default@2x.png in Resources */ = {isa = PBXBuildFile; fileRef = B45BE7F8178157BB006D7EE3 /* Default@2x.png */; };
		B45BE7FB178157BB006D7EE3 /* Default-568h@2x.png in Resources */ = {isa = PBXBuildFile; fileRef = B45BE7FA178157BB006D7EE3 /* Default-568h@2x.png */; };
		B45BE7FE178157BB006D7EE3 /* MainStoryboard.storyboard in Resources */ = {isa = PBXBuildFile; fileRef = B45BE7FC178157BB006D7EE3 /* MainStoryboard.storyboard */; };
		B45BE801178157BB006D7EE3 /* ViewController.m in Sources */ = {isa = PBXBuildFile; fileRef = B45BE800178157BB006D7EE3 /* ViewController.m */; };
/* End PBXBuildFile section */

/* Begin PBXFileReference section */
		B45BE7E1178157BB006D7EE3 /* WebViewJSTest.app */ = {isa = PBXFileReference; explicitFileType = wrapper.application; includeInIndex = 0; path = WebViewJSTest.app; sourceTree = BUILT_PRODUCTS_DIR; };
		B45BE7E4178157BB006D7EE3 /* UIKit.framework */ = {isa = PBXFileReference; lastKnownFileType = wrapper.framework; name = UIKit.framework; path = System/Library/Frameworks/UIKit.framework; sourceTree = SDKROOT; };
		B45BE7E6178157BB006D7EE3 /* Foundation.framework */ = {isa = PBXFileReference; lastKnownFileType = wrapper.framework; name = Foundation.framework; path = System/Library/Frameworks/Foundation.framework; sourceTree = SDKROOT; };
		B45BE7E8178157BB006D7EE3 /* CoreGraphics.framework */ = {isa = PBXFileReference; lastKnownFileType = wrapper.framework; name = CoreGraphics.framework; path = System/Library/Frameworks/CoreGraphics.framework; sourceTree = SDKROOT; };
		B45BE7EC178157BB006D7EE3 /* WebViewJSTest-Info.plist */ = {isa = PBXFileReference; lastKnownFileType = text.plist.xml; path = "WebViewJSTest-Info.plist"; sourceTree = "<group>"; };
		B45BE7EE178157BB006D7EE3 /* en */ = {isa = PBXFileReference; lastKnownFileType = text.plist.strings; name = en; path = en.lproj/InfoPlist.strings; sourceTree = "<group>"; };
		B45BE7F0178157BB006D7EE3 /* main.m */ = {isa = PBXFileReference; lastKnownFileType = sourcecode.c.objc; path = main.m; sourceTree = "<group>"; };
		B45BE7F2178157BB006D7EE3 /* WebViewJSTest-Prefix.pch */ = {isa = PBXFileReference; lastKnownFileType = sourcecode.c.h; path = "WebViewJSTest-Prefix.pch"; sourceTree = "<group>"; };
		B45BE7F3178157BB006D7EE3 /* AppDelegate.h */ = {isa = PBXFileReference; lastKnownFileType = sourcecode.c.h; path = AppDelegate.h; sourceTree = "<group>"; };
		B45BE7F4178157BB006D7EE3 /* AppDelegate.m */ = {isa = PBXFileReference; lastKnownFileType = sourcecode.c.objc; path = AppDelegate.m; sourceTree = "<group>"; };
		B45BE7F6178157BB006D7EE3 /* Default.png */ = {isa = PBXFileReference; lastKnownFileType = image.png; path = Default.png; sourceTree = "<group>"; };
		B45BE7F8178157BB006D7EE3 /* Default@2x.png */ = {isa = PBXFileReference; lastKnownFileType = image.png; path = "Default@2x.png"; sourceTree = "<group>"; };
		B45BE7FA178157BB006D7EE3 /* Default-568h@2x.png */ = {isa = PBXFileReference; lastKnownFileType = image.png; path = "Default-568h@2x.png"; sourceTree = "<group>"; };
		B45BE7FD178157BB006D7EE3 /* en */ = {isa = PBXFileReference; lastKnownFileType = file.storyboard; name = en; path = en.lproj/MainStoryboard.storyboard; sourceTree = "<group>"; };
		B45BE7FF178157BB006D7EE3 /* ViewController.h */ = {isa = PBXFileReference; lastKnownFileType = sourcecode.c.h; path = ViewController.h; sourceTree = "<group>"; };
		B45BE800178157BB006D7EE3 /* ViewController.m */ = {isa = PBXFileReference; lastKnownFileType = sourcecode.c.objc; path = ViewController.m; sourceTree = "<group>"; };
/* End PBXFileReference section */

/* Begin PBXFrameworksBuildPhase section */
		B45BE7DE178157BB006D7EE3 /* Frameworks */ = {
			isa = PBXFrameworksBuildPhase;
			buildActionMask = 2147483647;
			files = (
				B45BE7E5178157BB006D7EE3 /* UIKit.framework in Frameworks */,
				B45BE7E7178157BB006D7EE3 /* Foundation.framework in Frameworks */,
				B45BE7E9178157BB006D7EE3 /* CoreGraphics.framework in Frameworks */,
			);
			runOnlyForDeploymentPostprocessing = 0;
		};
/* End PBXFrameworksBuildPhase section */

/* Begin PBXGroup section */
		B45BE7D8178157BB006D7EE3 = {
			isa = PBXGroup;
			children = (
				B45BE7EA178157BB006D7EE3 /* WebViewJSTest */,
				B45BE7E3178157BB006D7EE3 /* Frameworks */,
				B45BE7E2178157BB006D7EE3 /* Products */,
			);
			sourceTree = "<group>";
		};
		B45BE7E2178157BB006D7EE3 /* Products */ = {
			isa = PBXGroup;
			children = (
				B45BE7E1178157BB006D7EE3 /* WebViewJSTest.app */,
			);
			name = Products;
			sourceTree = "<group>";
		};
		B45BE7E3178157BB006D7EE3 /* Frameworks */ = {
			isa = PBXGroup;
			children = (
				B45BE7E4178157BB006D7EE3 /* UIKit.framework */,
				B45BE7E6178157BB006D7EE3 /* Foundation.framework */,
				B45BE7E8178157BB006D7EE3 /* CoreGraphics.framework */,
			);
			name = Frameworks;
			sourceTree = "<group>";
		};
		B45BE7EA178157BB006D7EE3 /* WebViewJSTest */ = {
			isa = PBXGroup;
			children = (
				B45BE7F3178157BB006D7EE3 /* AppDelegate.h */,
				B45BE7F4178157BB006D7EE3 /* AppDelegate.m */,
				B45BE7FC178157BB006D7EE3 /* MainStoryboard.storyboard */,
				B45BE7FF178157BB006D7EE3 /* ViewController.h */,
				B45BE800178157BB006D7EE3 /* ViewController.m */,
				B45BE7EB178157BB006D7EE3 /* Supporting Files */,
			);
			path = WebViewJSTest;
			sourceTree = "<group>";
		};
		B45BE7EB178157BB006D7EE3 /* Supporting Files */ = {
			isa = PBXGroup;
			children = (
				B45BE7EC178157BB006D7EE3 /* WebViewJSTest-Info.plist */,
				B45BE7ED178157BB006D7EE3 /* InfoPlist.strings */,
				B45BE7F0178157BB006D7EE3 /* main.m */,
				B45BE7F2178157BB006D7EE3 /* WebViewJSTest-Prefix.pch */,
				B45BE7F6178157BB006D7EE3 /* Default.png */,
				B45BE7F8178157BB006D7EE3 /* Default@2x.png */,
				B45BE7FA178157BB006D7EE3 /* Default-568h@2x.png */,
			);
			name = "Supporting Files";
			sourceTree = "<group>";
		};
/* End PBXGroup section */

/* Begin PBXNativeTarget section */
		B45BE7E0178157BB006D7EE3 /* WebViewJSTest */ = {
			isa = PBXNativeTarget;
			buildConfigurationList = B45BE804178157BB006D7EE3 /* Build configuration list for PBXNativeTarget "WebViewJSTest" */;
			buildPhases = (
				B45BE7DD178157BB006D7EE3 /* Sources */,
				B45BE7DE178157BB006D7EE3 /* Frameworks */,
				B45BE7DF178157BB006D7EE3 /* Resources */,
			);
			buildRules = (
			);
			dependencies = (
			);
			name = WebViewJSTest;
			productName = WebViewJSTest;
			productReference = B45BE7E1178157BB006D7EE3 /* WebViewJSTest.app */;
			productType = "com.apple.product-type.application";
		};
/* End PBXNativeTarget section */

/* Begin PBXProject section */
		B45BE7D9178157BB006D7EE3 /* Project object */ = {
			isa = PBXProject;
			attributes = {
				LastUpgradeCheck = 0460;
				ORGANIZATIONNAME = jyon;
			};
			buildConfigurationList = B45BE7DC178157BB006D7EE3 /* Build configuration list for PBXProject "WebViewJSTest" */;
			compatibilityVersion = "Xcode 3.2";
			developmentRegion = English;
			hasScannedForEncodings = 0;
			knownRegions = (
				en,
			);
			mainGroup = B45BE7D8178157BB006D7EE3;
			productRefGroup = B45BE7E2178157BB006D7EE3 /* Products */;
			projectDirPath = "";
			projectRoot = "";
			targets = (
				B45BE7E0178157BB006D7EE3 /* WebViewJSTest */,
			);
		};
/* End PBXProject section */

/* Begin PBXResourcesBuildPhase section */
		B45BE7DF178157BB006D7EE3 /* Resources */ = {
			isa = PBXResourcesBuildPhase;
			buildActionMask = 2147483647;
			files = (
				B45BE7EF178157BB006D7EE3 /* InfoPlist.strings in Resources */,
				B45BE7F7178157BB006D7EE3 /* Default.png in Resources */,
				B45BE7F9178157BB006D7EE3 /* Default@2x.png in Resources */,
				B45BE7FB178157BB006D7EE3 /* Default-568h@2x.png in Resources */,
				B45BE7FE178157BB006D7EE3 /* MainStoryboard.storyboard in Resources */,
			);
			runOnlyForDeploymentPostprocessing = 0;
		};
/* End PBXResourcesBuildPhase section */

/* Begin PBXSourcesBuildPhase section */
		B45BE7DD178157BB006D7EE3 /* Sources */ = {
			isa = PBXSourcesBuildPhase;
			buildActionMask = 2147483647;
			files = (
				B45BE7F1178157BB006D7EE3 /* main.m in Sources */,
				B45BE7F5178157BB006D7EE3 /* AppDelegate.m in Sources */,
				B45BE801178157BB006D7EE3 /* ViewController.m in Sources */,
			);
			runOnlyForDeploymentPostprocessing = 0;
		};
/* End PBXSourcesBuildPhase section */

/* Begin PBXVariantGroup section */
		B45BE7ED178157BB006D7EE3 /* InfoPlist.strings */ = {
			isa = PBXVariantGroup;
			children = (
				B45BE7EE178157BB006D7EE3 /* en */,
			);
			name = InfoPlist.strings;
			sourceTree = "<group>";
		};
		B45BE7FC178157BB006D7EE3 /* MainStoryboard.storyboard */ = {
			isa = PBXVariantGroup;
			children = (
				B45BE7FD178157BB006D7EE3 /* en */,
			);
			name = MainStoryboard.storyboard;
			sourceTree = "<group>";
		};
/* End PBXVariantGroup section */

/* Begin XCBuildConfiguration section */
		B45BE802178157BB006D7EE3 /* Debug */ = {
			isa = XCBuildConfiguration;
			buildSettings = {
				ALWAYS_SEARCH_USER_PATHS = NO;
				CLANG_CXX_LANGUAGE_STANDARD = "gnu++0x";
				CLANG_CXX_LIBRARY = "libc++";
				CLANG_ENABLE_OBJC_ARC = YES;
				CLANG_WARN_CONSTANT_CONVERSION = YES;
				CLANG_WARN_EMPTY_BODY = YES;
				CLANG_WARN_ENUM_CONVERSION = YES;
				CLANG_WARN_INT_CONVERSION = YES;
				CLANG_WARN__DUPLICATE_METHOD_MATCH = YES;
				"CODE_SIGN_IDENTITY[sdk=iphoneos*]" = "iPhone Developer";
				COPY_PHASE_STRIP = NO;
				GCC_C_LANGUAGE_STANDARD = gnu99;
				GCC_DYNAMIC_NO_PIC = NO;
				GCC_OPTIMIZATION_LEVEL = 0;
				GCC_PREPROCESSOR_DEFINITIONS = (
					"DEBUG=1",
					"$(inherited)",
				);
				GCC_SYMBOLS_PRIVATE_EXTERN = NO;
				GCC_WARN_ABOUT_RETURN_TYPE = YES;
				GCC_WARN_UNINITIALIZED_AUTOS = YES;
				GCC_WARN_UNUSED_VARIABLE = YES;
				IPHONEOS_DEPLOYMENT_TARGET = 6.1;
				ONLY_ACTIVE_ARCH = YES;
				SDKROOT = iphoneos;
			};
			name = Debug;
		};
		B45BE803178157BB006D7EE3 /* Release */ = {
			isa = XCBuildConfiguration;
			buildSettings = {
				ALWAYS_SEARCH_USER_PATHS = NO;
				CLANG_CXX_LANGUAGE_STANDARD = "gnu++0x";
				CLANG_CXX_LIBRARY = "libc++";
				CLANG_ENABLE_OBJC_ARC = YES;
				CLANG_WARN_CONSTANT_CONVERSION = YES;
				CLANG_WARN_EMPTY_BODY = YES;
				CLANG_WARN_ENUM_CONVERSION = YES;
				CLANG_WARN_INT_CONVERSION = YES;
				CLANG_WARN__DUPLICATE_METHOD_MATCH = YES;
				"CODE_SIGN_IDENTITY[sdk=iphoneos*]" = "iPhone Developer";
				COPY_PHASE_STRIP = YES;
				GCC_C_LANGUAGE_STANDARD = gnu99;
				GCC_WARN_ABOUT_RETURN_TYPE = YES;
				GCC_WARN_UNINITIALIZED_AUTOS = YES;
				GCC_WARN_UNUSED_VARIABLE = YES;
				IPHONEOS_DEPLOYMENT_TARGET = 6.1;
				OTHER_CFLAGS = "-DNS_BLOCK_ASSERTIONS=1";
				SDKROOT = iphoneos;
				VALIDATE_PRODUCT = YES;
			};
			name = Release;
		};
		B45BE805178157BB006D7EE3 /* Debug */ = {
			isa = XCBuildConfiguration;
			buildSettings = {
				GCC_PRECOMPILE_PREFIX_HEADER = YES;
				GCC_PREFIX_HEADER = "WebViewJSTest/WebViewJSTest-Prefix.pch";
				INFOPLIST_FILE = "WebViewJSTest/WebViewJSTest-Info.plist";
				PRODUCT_NAME = "$(TARGET_NAME)";
				WRAPPER_EXTENSION = app;
			};
			name = Debug;
		};
		B45BE806178157BB006D7EE3 /* Release */ = {
			isa = XCBuildConfiguration;
			buildSettings = {
				GCC_PRECOMPILE_PREFIX_HEADER = YES;
				GCC_PREFIX_HEADER = "WebViewJSTest/WebViewJSTest-Prefix.pch";
				INFOPLIST_FILE = "WebViewJSTest/WebViewJSTest-Info.plist";
				PRODUCT_NAME = "$(TARGET_NAME)";
				WRAPPER_EXTENSION = app;
			};
			name = Release;
		};
/* End XCBuildConfiguration section */

/* Begin XCConfigurationList section */
		B45BE7DC178157BB006D7EE3 /* Build configuration list for PBXProject "WebViewJSTest" */ = {
			isa = XCConfigurationList;
			buildConfigurations = (
				B45BE802178157BB006D7EE3 /* Debug */,
				B45BE803178157BB006D7EE3 /* Release */,
			);
			defaultConfigurationIsVisible = 0;
			defaultConfigurationName = Release;
		};
		B45BE804178157BB006D7EE3 /* Build configuration list for PBXNativeTarget "WebViewJSTest" */ = {
			isa = XCConfigurationList;
			buildConfigurations = (
				B45BE805178157BB006D7EE3 /* Debug */,
				B45BE806178157BB006D7EE3 /* Release */,
			);
			defaultConfigurationIsVisible = 0;
		};
/* End XCConfigurationList section */
	};
	rootObject = B45BE7D9178157BB006D7EE3 /* Project object */;
}
